{
  "nodes": {
    "flake-compat": {
      "locked": {
        "lastModified": 1732603366,
        "narHash": "sha256-I1Z54H96iLmNjBtoAR8nONsj9HpagNvVZawOxn75nP0=",
        "ref": "refs/heads/main",
        "rev": "fe7f6ec62b50e6225406a0a4b339496530a019f8",
        "revCount": 68,
        "type": "git",
        "url": "https://git.lix.systems/lix-project/flake-compat.git"
      },
      "original": {
        "type": "git",
        "url": "https://git.lix.systems/lix-project/flake-compat.git"
      }
    },
    "gitignore-nix": {
      "inputs": {
        "nixpkgs": [
          "nixpkgs"
        ]
      },
      "locked": {
        "lastModified": 1709087332,
        "narHash": "sha256-HG2cCnktfHsKV0s4XW83gU3F57gaTljL9KNSuG6bnQs=",
        "owner": "hercules-ci",
        "repo": "gitignore.nix",
        "rev": "637db329424fd7e46cf4185293b9cc8c88c95394",
        "type": "github"
      },
      "original": {
        "owner": "hercules-ci",
        "repo": "gitignore.nix",
        "type": "github"
      }
    },
    "nixpkgs": {
      "locked": {
        "lastModified": 1733940404,
        "narHash": "sha256-Pj39hSoUA86ZePPF/UXiYHHM7hMIkios8TYG29kQT4g=",
        "owner": "NixOS",
        "repo": "nixpkgs",
        "rev": "5d67ea6b4b63378b9c13be21e2ec9d1afc921713",
        "type": "github"
      },
      "original": {
        "owner": "NixOS",
        "ref": "nixos-unstable",
        "repo": "nixpkgs",
        "type": "github"
      }
    },
    "root": {
      "inputs": {
        "flake-compat": "flake-compat",
        "gitignore-nix": "gitignore-nix",
        "nixpkgs": "nixpkgs"
      }
    }
  },
  "root": "root",
  "version": 7
}
